
Microsoft Visual Studio Solution File, Format Version 12.00
# Visual Studio Version 17
VisualStudioVersion = 17.12.35527.113 d17.12
MinimumVisualStudioVersion = 10.0.40219.1
Project("{FAE04EC0-301F-11D3-BF4B-00C04F79EFBC}") = "Sistem_Manajemen_Hotel", "Sistem_Manajemen_Hotel\Sistem_Manajemen_Hotel.csproj", "{2A09F8CE-D1C3-4CE1-BB5B-036DB58CEBAD}"
EndProject
Global
	GlobalSection(SolutionConfigurationPlatforms) = preSolution
		Debug|Any CPU = Debug|Any CPU
		Release|Any CPU = Release|Any CPU
	EndGlobalSection
	GlobalSection(ProjectConfigurationPlatforms) = postSolution
		{2A09F8CE-D1C3-4CE1-BB5B-036DB58CEBAD}.Debug|Any CPU.ActiveCfg = Debug|Any CPU
		{2A09F8CE-D1C3-4CE1-BB5B-036DB58CEBAD}.Debug|Any CPU.Build.0 = Debug|Any CPU
		{2A09F8CE-D1C3-4CE1-BB5B-036DB58CEBAD}.Release|Any CPU.ActiveCfg = Release|Any CPU
		{2A09F8CE-D1C3-4CE1-BB5B-036DB58CEBAD}.Release|Any CPU.Build.0 = Release|Any CPU
	EndGlobalSection
	GlobalSection(SolutionProperties) = preSolution
		HideSolutionNode = FALSE
	EndGlobalSection
EndGlobal
